// !$*UTF8*$!
{
	archiveVersion = 1;
	classes = {
	};
	objectVersion = 77;
	objects = {

/* Begin PBXContainerItemProxy section */
		043B28622D68C88D0003467E /* PBXContainerItemProxy */ = {
			isa = PBXContainerItemProxy;
			containerPortal = 043B28492D68C8880003467E /* Project object */;
			proxyType = 1;
			remoteGlobalIDString = 043B28502D68C8880003467E;
			remoteInfo = VoyatekTestUI;
		};
		043B286C2D68C88D0003467E /* PBXContainerItemProxy */ = {
			isa = PBXContainerItemProxy;
			containerPortal = 043B28492D68C8880003467E /* Project object */;
			proxyType = 1;
			remoteGlobalIDString = 043B28502D68C8880003467E;
			remoteInfo = VoyatekTestUI;
		};
/* End PBXContainerItemProxy section */

/* Begin PBXFileReference section */
		043B28512D68C8880003467E /* VoyatekTestUI.app */ = {isa = PBXFileReference; explicitFileType = wrapper.application; includeInIndex = 0; path = VoyatekTestUI.app; sourceTree = BUILT_PRODUCTS_DIR; };
		043B28612D68C88D0003467E /* VoyatekTestUITests.xctest */ = {isa = PBXFileReference; explicitFileType = wrapper.cfbundle; includeInIndex = 0; path = VoyatekTestUITests.xctest; sourceTree = BUILT_PRODUCTS_DIR; };
		043B286B2D68C88D0003467E /* VoyatekTestUIUITests.xctest */ = {isa = PBXFileReference; explicitFileType = wrapper.cfbundle; includeInIndex = 0; path = VoyatekTestUIUITests.xctest; sourceTree = BUILT_PRODUCTS_DIR; };
/* End PBXFileReference section */

/* Begin PBXFileSystemSynchronizedBuildFileExceptionSet section */
		043B28E22D68D1C80003467E /* Exceptions for "VoyatekTestUI" folder in "VoyatekTestUITests" target */ = {
			isa = PBXFileSystemSynchronizedBuildFileExceptionSet;
			membershipExceptions = (
				ApiService/APIService.swift,
				"Fonts/Satoshi-Black.otf",
				"Fonts/Satoshi-BlackItalic.otf",
				"Fonts/Satoshi-Bold.otf",
				"Fonts/Satoshi-BoldItalic.otf",
				"Fonts/Satoshi-Italic.otf",
				"Fonts/Satoshi-Light.otf",
				"Fonts/Satoshi-LightItalic.otf",
				"Fonts/Satoshi-Medium.otf",
				"Fonts/Satoshi-MediumItalic.otf",
				"Fonts/Satoshi-Regular.otf",
			);
			target = 043B28602D68C88D0003467E /* VoyatekTestUITests */;
		};
		043B28E32D68D1C80003467E /* Exceptions for "VoyatekTestUI" folder in "VoyatekTestUIUITests" target */ = {
			isa = PBXFileSystemSynchronizedBuildFileExceptionSet;
			membershipExceptions = (
				ApiService/APIService.swift,
				"Fonts/Satoshi-Black.otf",
				"Fonts/Satoshi-BlackItalic.otf",
				"Fonts/Satoshi-Bold.otf",
				"Fonts/Satoshi-BoldItalic.otf",
				"Fonts/Satoshi-Italic.otf",
				"Fonts/Satoshi-Light.otf",
				"Fonts/Satoshi-LightItalic.otf",
				"Fonts/Satoshi-Medium.otf",
				"Fonts/Satoshi-MediumItalic.otf",
				"Fonts/Satoshi-Regular.otf",
			);
			target = 043B286A2D68C88D0003467E /* VoyatekTestUIUITests */;
		};
		043B28E52D68D4350003467E /* Exceptions for "VoyatekTestUI" folder in "VoyatekTestUI" target */ = {
			isa = PBXFileSystemSynchronizedBuildFileExceptionSet;
			membershipExceptions = (
				Info.plist,
			);
			target = 043B28502D68C8880003467E /* VoyatekTestUI */;
		};
/* End PBXFileSystemSynchronizedBuildFileExceptionSet section */

/* Begin PBXFileSystemSynchronizedRootGroup section */
		043B28532D68C8880003467E /* VoyatekTestUI */ = {
			isa = PBXFileSystemSynchronizedRootGroup;
			exceptions = (
				043B28E52D68D4350003467E /* Exceptions for "VoyatekTestUI" folder in "VoyatekTestUI" target */,
				043B28E22D68D1C80003467E /* Exceptions for "VoyatekTestUI" folder in "VoyatekTestUITests" target */,
				043B28E32D68D1C80003467E /* Exceptions for "VoyatekTestUI" folder in "VoyatekTestUIUITests" target */,
			);
			path = VoyatekTestUI;
			sourceTree = "<group>";
		};
		043B28642D68C88D0003467E /* VoyatekTestUITests */ = {
			isa = PBXFileSystemSynchronizedRootGroup;
			path = VoyatekTestUITests;
			sourceTree = "<group>";
		};
		043B286E2D68C88D0003467E /* VoyatekTestUIUITests */ = {
			isa = PBXFileSystemSynchronizedRootGroup;
			path = VoyatekTestUIUITests;
			sourceTree = "<group>";
		};
/* End PBXFileSystemSynchronizedRootGroup section */

/* Begin PBXFrameworksBuildPhase section */
		043B284E2D68C8880003467E /* Frameworks */ = {
			isa = PBXFrameworksBuildPhase;
			buildActionMask = 2147483647;
			files = (
			);
			runOnlyForDeploymentPostprocessing = 0;
		};
		043B285E2D68C88D0003467E /* Frameworks */ = {
			isa = PBXFrameworksBuildPhase;
			buildActionMask = 2147483647;
			files = (
			);
			runOnlyForDeploymentPostprocessing = 0;
		};
		043B28682D68C88D0003467E /* Frameworks */ = {
			isa = PBXFrameworksBuildPhase;
			buildActionMask = 2147483647;
			files = (
			);
			runOnlyForDeploymentPostprocessing = 0;
		};
/* End PBXFrameworksBuildPhase section */

/* Begin PBXGroup section */
		043B28482D68C8880003467E = {
			isa = PBXGroup;
			children = (
				043B28E62D68D4C10003467E /* Extensions */,
				043B28532D68C8880003467E /* VoyatekTestUI */,
				043B28642D68C88D0003467E /* VoyatekTestUITests */,
				043B286E2D68C88D0003467E /* VoyatekTestUIUITests */,
				043B28522D68C8880003467E /* Products */,
			);
			sourceTree = "<group>";
		};
		043B28522D68C8880003467E /* Products */ = {
			isa = PBXGroup;
			children = (
				043B28512D68C8880003467E /* VoyatekTestUI.app */,
				043B28612D68C88D0003467E /* VoyatekTestUITests.xctest */,
				043B286B2D68C88D0003467E /* VoyatekTestUIUITests.xctest */,
			);
			name = Products;
			sourceTree = "<group>";
		};
		043B28E62D68D4C10003467E /* Extensions */ = {
			isa = PBXGroup;
			children = (
			);
			path = Extensions;
			sourceTree = "<group>";
		};
/* End PBXGroup section */

/* Begin PBXNativeTarget section */
		043B28502D68C8880003467E /* VoyatekTestUI */ = {
			isa = PBXNativeTarget;
			buildConfigurationList = 043B28752D68C88D0003467E /* Build configuration list for PBXNativeTarget "VoyatekTestUI" */;
			buildPhases = (
				043B284D2D68C8880003467E /* Sources */,
				043B284E2D68C8880003467E /* Frameworks */,
				043B284F2D68C8880003467E /* Resources */,
			);
			buildRules = (
			);
			dependencies = (
			);
			fileSystemSynchronizedGroups = (
				043B28532D68C8880003467E /* VoyatekTestUI */,
			);
			name = VoyatekTestUI;
			packageProductDependencies = (
			);
			productName = VoyatekTestUI;
			productReference = 043B28512D68C8880003467E /* VoyatekTestUI.app */;
			productType = "com.apple.product-type.application";
		};
		043B28602D68C88D0003467E /* VoyatekTestUITests */ = {
			isa = PBXNativeTarget;
			buildConfigurationList = 043B28782D68C88D0003467E /* Build configuration list for PBXNativeTarget "VoyatekTestUITests" */;
			buildPhases = (
				043B285D2D68C88D0003467E /* Sources */,
				043B285E2D68C88D0003467E /* Frameworks */,
				043B285F2D68C88D0003467E /* Resources */,
			);
			buildRules = (
			);
			dependencies = (
				043B28632D68C88D0003467E /* PBXTargetDependency */,
			);
			fileSystemSynchronizedGroups = (
				043B28642D68C88D0003467E /* VoyatekTestUITests */,
			);
			name = VoyatekTestUITests;
			packageProductDependencies = (
			);
			productName = VoyatekTestUITests;
			productReference = 043B28612D68C88D0003467E /* VoyatekTestUITests.xctest */;
			productType = "com.apple.product-type.bundle.unit-test";
		};
		043B286A2D68C88D0003467E /* VoyatekTestUIUITests */ = {
			isa = PBXNativeTarget;
			buildConfigurationList = 043B287B2D68C88D0003467E /* Build configuration list for PBXNativeTarget "VoyatekTestUIUITests" */;
			buildPhases = (
				043B28672D68C88D0003467E /* Sources */,
				043B28682D68C88D0003467E /* Frameworks */,
				043B28692D68C88D0003467E /* Resources */,
			);
			buildRules = (
			);
			dependencies = (
				043B286D2D68C88D0003467E /* PBXTargetDependency */,
			);
			fileSystemSynchronizedGroups = (
				043B286E2D68C88D0003467E /* VoyatekTestUIUITests */,
			);
			name = VoyatekTestUIUITests;
			packageProductDependencies = (
			);
			productName = VoyatekTestUIUITests;
			productReference = 043B286B2D68C88D0003467E /* VoyatekTestUIUITests.xctest */;
			productType = "com.apple.product-type.bundle.ui-testing";
		};
/* End PBXNativeTarget section */

/* Begin PBXProject section */
		043B28492D68C8880003467E /* Project object */ = {
			isa = PBXProject;
			attributes = {
				BuildIndependentTargetsInParallel = 1;
				LastSwiftUpdateCheck = 1610;
				LastUpgradeCheck = 1610;
				TargetAttributes = {
					043B28502D68C8880003467E = {
						CreatedOnToolsVersion = 16.1;
					};
					043B28602D68C88D0003467E = {
						CreatedOnToolsVersion = 16.1;
						TestTargetID = 043B28502D68C8880003467E;
					};
					043B286A2D68C88D0003467E = {
						CreatedOnToolsVersion = 16.1;
						TestTargetID = 043B28502D68C8880003467E;
					};
				};
			};
			buildConfigurationList = 043B284C2D68C8880003467E /* Build configuration list for PBXProject "VoyatekTestUI" */;
			developmentRegion = en;
			hasScannedForEncodings = 0;
			knownRegions = (
				en,
				Base,
			);
			mainGroup = 043B28482D68C8880003467E;
			minimizedProjectReferenceProxies = 1;
			preferredProjectObjectVersion = 77;
			productRefGroup = 043B28522D68C8880003467E /* Products */;
			projectDirPath = "";
			projectRoot = "";
			targets = (
				043B28502D68C8880003467E /* VoyatekTestUI */,
				043B28602D68C88D0003467E /* VoyatekTestUITests */,
				043B286A2D68C88D0003467E /* VoyatekTestUIUITests */,
			);
		};
/* End PBXProject section */

/* Begin PBXResourcesBuildPhase section */
		043B284F2D68C8880003467E /* Resources */ = {
			isa = PBXResourcesBuildPhase;
			buildActionMask = 2147483647;
			files = (
			);
			runOnlyForDeploymentPostprocessing = 0;
		};
		043B285F2D68C88D0003467E /* Resources */ = {
			isa = PBXResourcesBuildPhase;
			buildActionMask = 2147483647;
			files = (
			);
			runOnlyForDeploymentPostprocessing = 0;
		};
		043B28692D68C88D0003467E /* Resources */ = {
			isa = PBXResourcesBuildPhase;
			buildActionMask = 2147483647;
			files = (
			);
			runOnlyForDeploymentPostprocessing = 0;
		};
/* End PBXResourcesBuildPhase section */

/* Begin PBXSourcesBuildPhase section */
		043B284D2D68C8880003467E /* Sources */ = {
			isa = PBXSourcesBuildPhase;
			buildActionMask = 2147483647;
			files = (
			);
			runOnlyForDeploymentPostprocessing = 0;
		};
		043B285D2D68C88D0003467E /* Sources */ = {
			isa = PBXSourcesBuildPhase;
			buildActionMask = 2147483647;
			files = (
			);
			runOnlyForDeploymentPostprocessing = 0;
		};
		043B28672D68C88D0003467E /* Sources */ = {
			isa = PBXSourcesBuildPhase;
			buildActionMask = 2147483647;
			files = (
			);
			runOnlyForDeploymentPostprocessing = 0;
		};
/* End PBXSourcesBuildPhase section */

/* Begin PBXTargetDependency section */
		043B28632D68C88D0003467E /* PBXTargetDependency */ = {
			isa = PBXTargetDependency;
			target = 043B28502D68C8880003467E /* VoyatekTestUI */;
			targetProxy = 043B28622D68C88D0003467E /* PBXContainerItemProxy */;
		};
		043B286D2D68C88D0003467E /* PBXTargetDependency */ = {
			isa = PBXTargetDependency;
			target = 043B28502D68C8880003467E /* VoyatekTestUI */;
			targetProxy = 043B286C2D68C88D0003467E /* PBXContainerItemProxy */;
		};
/* End PBXTargetDependency section */

/* Begin XCBuildConfiguration section */
		043B28732D68C88D0003467E /* Debug */ = {
			isa = XCBuildConfiguration;
			buildSettings = {
				ALWAYS_SEARCH_USER_PATHS = NO;
				ASSETCATALOG_COMPILER_GENERATE_SWIFT_ASSET_SYMBOL_EXTENSIONS = YES;
				CLANG_ANALYZER_NONNULL = YES;
				CLANG_ANALYZER_NUMBER_OBJECT_CONVERSION = YES_AGGRESSIVE;
				CLANG_CXX_LANGUAGE_STANDARD = "gnu++20";
				CLANG_ENABLE_MODULES = YES;
				CLANG_ENABLE_OBJC_ARC = YES;
				CLANG_ENABLE_OBJC_WEAK = YES;
				CLANG_WARN_BLOCK_CAPTURE_AUTORELEASING = YES;
				CLANG_WARN_BOOL_CONVERSION = YES;
				CLANG_WARN_COMMA = YES;
				CLANG_WARN_CONSTANT_CONVERSION = YES;
				CLANG_WARN_DEPRECATED_OBJC_IMPLEMENTATIONS = YES;
				CLANG_WARN_DIRECT_OBJC_ISA_USAGE = YES_ERROR;
				CLANG_WARN_DOCUMENTATION_COMMENTS = YES;
				CLANG_WARN_EMPTY_BODY = YES;
				CLANG_WARN_ENUM_CONVERSION = YES;
				CLANG_WARN_INFINITE_RECURSION = YES;
				CLANG_WARN_INT_CONVERSION = YES;
				CLANG_WARN_NON_LITERAL_NULL_CONVERSION = YES;
				CLANG_WARN_OBJC_IMPLICIT_RETAIN_SELF = YES;
				CLANG_WARN_OBJC_LITERAL_CONVERSION = YES;
				CLANG_WARN_OBJC_ROOT_CLASS = YES_ERROR;
				CLANG_WARN_QUOTED_INCLUDE_IN_FRAMEWORK_HEADER = YES;
				CLANG_WARN_RANGE_LOOP_ANALYSIS = YES;
				CLANG_WARN_STRICT_PROTOTYPES = YES;
				CLANG_WARN_SUSPICIOUS_MOVE = YES;
				CLANG_WARN_UNGUARDED_AVAILABILITY = YES_AGGRESSIVE;
				CLANG_WARN_UNREACHABLE_CODE = YES;
				CLANG_WARN__DUPLICATE_METHOD_MATCH = YES;
				COPY_PHASE_STRIP = NO;
				DEBUG_INFORMATION_FORMAT = dwarf;
				ENABLE_STRICT_OBJC_MSGSEND = YES;
				ENABLE_TESTABILITY = YES;
				ENABLE_USER_SCRIPT_SANDBOXING = YES;
				GCC_C_LANGUAGE_STANDARD = gnu17;
				GCC_DYNAMIC_NO_PIC = NO;
				GCC_NO_COMMON_BLOCKS = YES;
				GCC_OPTIMIZATION_LEVEL = 0;
				GCC_PREPROCESSOR_DEFINITIONS = (
					"DEBUG=1",
					"$(inherited)",
				);
				GCC_WARN_64_TO_32_BIT_CONVERSION = YES;
				GCC_WARN_ABOUT_RETURN_TYPE = YES_ERROR;
				GCC_WARN_UNDECLARED_SELECTOR = YES;
				GCC_WARN_UNINITIALIZED_AUTOS = YES_AGGRESSIVE;
				GCC_WARN_UNUSED_FUNCTION = YES;
				GCC_WARN_UNUSED_VARIABLE = YES;
				IPHONEOS_DEPLOYMENT_TARGET = 18.1;
				LOCALIZATION_PREFERS_STRING_CATALOGS = YES;
				MTL_ENABLE_DEBUG_INFO = INCLUDE_SOURCE;
				MTL_FAST_MATH = YES;
				ONLY_ACTIVE_ARCH = YES;
				SDKROOT = iphoneos;
				SWIFT_ACTIVE_COMPILATION_CONDITIONS = "DEBUG $(inherited)";
				SWIFT_OPTIMIZATION_LEVEL = "-Onone";
			};
			name = Debug;
		};
		043B28742D68C88D0003467E /* Release */ = {
			isa = XCBuildConfiguration;
			buildSettings = {
				ALWAYS_SEARCH_USER_PATHS = NO;
				ASSETCATALOG_COMPILER_GENERATE_SWIFT_ASSET_SYMBOL_EXTENSIONS = YES;
				CLANG_ANALYZER_NONNULL = YES;
				CLANG_ANALYZER_NUMBER_OBJECT_CONVERSION = YES_AGGRESSIVE;
				CLANG_CXX_LANGUAGE_STANDARD = "gnu++20";
				CLANG_ENABLE_MODULES = YES;
				CLANG_ENABLE_OBJC_ARC = YES;
				CLANG_ENABLE_OBJC_WEAK = YES;
				CLANG_WARN_BLOCK_CAPTURE_AUTORELEASING = YES;
				CLANG_WARN_BOOL_CONVERSION = YES;
				CLANG_WARN_COMMA = YES;
				CLANG_WARN_CONSTANT_CONVERSION = YES;
				CLANG_WARN_DEPRECATED_OBJC_IMPLEMENTATIONS = YES;
				CLANG_WARN_DIRECT_OBJC_ISA_USAGE = YES_ERROR;
				CLANG_WARN_DOCUMENTATION_COMMENTS = YES;
				CLANG_WARN_EMPTY_BODY = YES;
				CLANG_WARN_ENUM_CONVERSION = YES;
				CLANG_WARN_INFINITE_RECURSION = YES;
				CLANG_WARN_INT_CONVERSION = YES;
				CLANG_WARN_NON_LITERAL_NULL_CONVERSION = YES;
				CLANG_WARN_OBJC_IMPLICIT_RETAIN_SELF = YES;
				CLANG_WARN_OBJC_LITERAL_CONVERSION = YES;
				CLANG_WARN_OBJC_ROOT_CLASS = YES_ERROR;
				CLANG_WARN_QUOTED_INCLUDE_IN_FRAMEWORK_HEADER = YES;
				CLANG_WARN_RANGE_LOOP_ANALYSIS = YES;
				CLANG_WARN_STRICT_PROTOTYPES = YES;
				CLANG_WARN_SUSPICIOUS_MOVE = YES;
				CLANG_WARN_UNGUARDED_AVAILABILITY = YES_AGGRESSIVE;
				CLANG_WARN_UNREACHABLE_CODE = YES;
				CLANG_WARN__DUPLICATE_METHOD_MATCH = YES;
				COPY_PHASE_STRIP = NO;
				DEBUG_INFORMATION_FORMAT = "dwarf-with-dsym";
				ENABLE_NS_ASSERTIONS = NO;
				ENABLE_STRICT_OBJC_MSGSEND = YES;
				ENABLE_USER_SCRIPT_SANDBOXING = YES;
				GCC_C_LANGUAGE_STANDARD = gnu17;
				GCC_NO_COMMON_BLOCKS = YES;
				GCC_WARN_64_TO_32_BIT_CONVERSION = YES;
				GCC_WARN_ABOUT_RETURN_TYPE = YES_ERROR;
				GCC_WARN_UNDECLARED_SELECTOR = YES;
				GCC_WARN_UNINITIALIZED_AUTOS = YES_AGGRESSIVE;
				GCC_WARN_UNUSED_FUNCTION = YES;
				GCC_WARN_UNUSED_VARIABLE = YES;
				IPHONEOS_DEPLOYMENT_TARGET = 18.1;
				LOCALIZATION_PREFERS_STRING_CATALOGS = YES;
				MTL_ENABLE_DEBUG_INFO = NO;
				MTL_FAST_MATH = YES;
				SDKROOT = iphoneos;
				SWIFT_COMPILATION_MODE = wholemodule;
				VALIDATE_PRODUCT = YES;
			};
			name = Release;
		};
		043B28762D68C88D0003467E /* Debug */ = {
			isa = XCBuildConfiguration;
			buildSettings = {
				ASSETCATALOG_COMPILER_APPICON_NAME = AppIcon;
				ASSETCATALOG_COMPILER_GLOBAL_ACCENT_COLOR_NAME = AccentColor;
				CODE_SIGN_STYLE = Automatic;
				CURRENT_PROJECT_VERSION = 1;
				DEVELOPMENT_ASSET_PATHS = "\"VoyatekTestUI/Preview Content\"";
				DEVELOPMENT_TEAM = 99JB7YF76M;
				ENABLE_PREVIEWS = YES;
				GENERATE_INFOPLIST_FILE = YES;
				INFOPLIST_FILE = VoyatekTestUI/Info.plist;
				INFOPLIST_KEY_NSCameraUsageDescription = "";
				INFOPLIST_KEY_NSPhotoLibraryUsageDescription = "";
				INFOPLIST_KEY_UIApplicationSceneManifest_Generation = YES;
				INFOPLIST_KEY_UIApplicationSupportsIndirectInputEvents = YES;
				INFOPLIST_KEY_UILaunchScreen_Generation = YES;
				INFOPLIST_KEY_UISupportedInterfaceOrientations_iPad = "UIInterfaceOrientationPortrait UIInterfaceOrientationPortraitUpsideDown UIInterfaceOrientationLandscapeLeft UIInterfaceOrientationLandscapeRight";
				LD_RUNPATH_SEARCH_PATHS = (
					"$(inherited)",
					"@executable_path/Frameworks",
				);
				MARKETING_VERSION = 1.0;
				PRODUCT_BUNDLE_IDENTIFIER = com.abdulrahman.VoyatekTestUI;
				PRODUCT_NAME = "$(TARGET_NAME)";
				SWIFT_EMIT_LOC_STRINGS = YES;
				SWIFT_VERSION = 5.0;
				TARGETED_DEVICE_FAMILY = "1,2";
			};
			name = Debug;
		};
		043B28772D68C88D0003467E /* Release */ = {
			isa = XCBuildConfiguration;
			buildSettings = {
				ASSETCATALOG_COMPILER_APPICON_NAME = AppIcon;
				ASSETCATALOG_COMPILER_GLOBAL_ACCENT_COLOR_NAME = AccentColor;
				CODE_SIGN_STYLE = Automatic;
				CURRENT_PROJECT_VERSION = 1;
				DEVELOPMENT_ASSET_PATHS = "\"VoyatekTestUI/Preview Content\"";
				DEVELOPMENT_TEAM = 99JB7YF76M;
				ENABLE_PREVIEWS = YES;
				GENERATE_INFOPLIST_FILE = YES;
				INFOPLIST_FILE = VoyatekTestUI/Info.plist;
				INFOPLIST_KEY_NSCameraUsageDescription = "";
				INFOPLIST_KEY_NSPhotoLibraryUsageDescription = "";
				INFOPLIST_KEY_UIApplicationSceneManifest_Generation = YES;
				INFOPLIST_KEY_UIApplicationSupportsIndirectInputEvents = YES;
				INFOPLIST_KEY_UILaunchScreen_Generation = YES;
				INFOPLIST_KEY_UISupportedInterfaceOrientations_iPad = "UIInterfaceOrientationPortrait UIInterfaceOrientationPortraitUpsideDown UIInterfaceOrientationLandscapeLeft UIInterfaceOrientationLandscapeRight";
				LD_RUNPATH_SEARCH_PATHS = (
					"$(inherited)",
					"@executable_path/Frameworks",
				);
				MARKETING_VERSION = 1.0;
				PRODUCT_BUNDLE_IDENTIFIER = com.abdulrahman.VoyatekTestUI;
				PRODUCT_NAME = "$(TARGET_NAME)";
				SWIFT_EMIT_LOC_STRINGS = YES;
				SWIFT_VERSION = 5.0;
				TARGETED_DEVICE_FAMILY = "1,2";
			};
			name = Release;
		};
		043B28792D68C88D0003467E /* Debug */ = {
			isa = XCBuildConfiguration;
			buildSettings = {
				BUNDLE_LOADER = "$(TEST_HOST)";
				CODE_SIGN_STYLE = Automatic;
				CURRENT_PROJECT_VERSION = 1;
				DEVELOPMENT_TEAM = 99JB7YF76M;
				GENERATE_INFOPLIST_FILE = YES;
				IPHONEOS_DEPLOYMENT_TARGET = 18.1;
				MARKETING_VERSION = 1.0;
				PRODUCT_BUNDLE_IDENTIFIER = com.abdulrahman.VoyatekTestUITests;
				PRODUCT_NAME = "$(TARGET_NAME)";
				SWIFT_EMIT_LOC_STRINGS = NO;
				SWIFT_VERSION = 5.0;
				TARGETED_DEVICE_FAMILY = "1,2";
				TEST_HOST = "$(BUILT_PRODUCTS_DIR)/VoyatekTestUI.app/$(BUNDLE_EXECUTABLE_FOLDER_PATH)/VoyatekTestUI";
			};
			name = Debug;
		};
		043B287A2D68C88D0003467E /* Release */ = {
			isa = XCBuildConfiguration;
			buildSettings = {
				BUNDLE_LOADER = "$(TEST_HOST)";
				CODE_SIGN_STYLE = Automatic;
				CURRENT_PROJECT_VERSION = 1;
				DEVELOPMENT_TEAM = 99JB7YF76M;
				GENERATE_INFOPLIST_FILE = YES;
				IPHONEOS_DEPLOYMENT_TARGET = 18.1;
				MARKETING_VERSION = 1.0;
				PRODUCT_BUNDLE_IDENTIFIER = com.abdulrahman.VoyatekTestUITests;
				PRODUCT_NAME = "$(TARGET_NAME)";
				SWIFT_EMIT_LOC_STRINGS = NO;
				SWIFT_VERSION = 5.0;
				TARGETED_DEVICE_FAMILY = "1,2";
				TEST_HOST = "$(BUILT_PRODUCTS_DIR)/VoyatekTestUI.app/$(BUNDLE_EXECUTABLE_FOLDER_PATH)/VoyatekTestUI";
			};
			name = Release;
		};
		043B287C2D68C88D0003467E /* Debug */ = {
			isa = XCBuildConfiguration;
			buildSettings = {
				CODE_SIGN_STYLE = Automatic;
				CURRENT_PROJECT_VERSION = 1;
				DEVELOPMENT_TEAM = 99JB7YF76M;
				GENERATE_INFOPLIST_FILE = YES;
				MARKETING_VERSION = 1.0;
				PRODUCT_BUNDLE_IDENTIFIER = com.abdulrahman.VoyatekTestUIUITests;
				PRODUCT_NAME = "$(TARGET_NAME)";
				SWIFT_EMIT_LOC_STRINGS = NO;
				SWIFT_VERSION = 5.0;
				TARGETED_DEVICE_FAMILY = "1,2";
				TEST_TARGET_NAME = VoyatekTestUI;
			};
			name = Debug;
		};
		043B287D2D68C88D0003467E /* Release */ = {
			isa = XCBuildConfiguration;
			buildSettings = {
				CODE_SIGN_STYLE = Automatic;
				CURRENT_PROJECT_VERSION = 1;
				DEVELOPMENT_TEAM = 99JB7YF76M;
				GENERATE_INFOPLIST_FILE = YES;
				MARKETING_VERSION = 1.0;
				PRODUCT_BUNDLE_IDENTIFIER = com.abdulrahman.VoyatekTestUIUITests;
				PRODUCT_NAME = "$(TARGET_NAME)";
				SWIFT_EMIT_LOC_STRINGS = NO;
				SWIFT_VERSION = 5.0;
				TARGETED_DEVICE_FAMILY = "1,2";
				TEST_TARGET_NAME = VoyatekTestUI;
			};
			name = Release;
		};
/* End XCBuildConfiguration section */

/* Begin XCConfigurationList section */
		043B284C2D68C8880003467E /* Build configuration list for PBXProject "VoyatekTestUI" */ = {
			isa = XCConfigurationList;
			buildConfigurations = (
				043B28732D68C88D0003467E /* Debug */,
				043B28742D68C88D0003467E /* Release */,
			);
			defaultConfigurationIsVisible = 0;
			defaultConfigurationName = Release;
		};
		043B28752D68C88D0003467E /* Build configuration list for PBXNativeTarget "VoyatekTestUI" */ = {
			isa = XCConfigurationList;
			buildConfigurations = (
				043B28762D68C88D0003467E /* Debug */,
				043B28772D68C88D0003467E /* Release */,
			);
			defaultConfigurationIsVisible = 0;
			defaultConfigurationName = Release;
		};
		043B28782D68C88D0003467E /* Build configuration list for PBXNativeTarget "VoyatekTestUITests" */ = {
			isa = XCConfigurationList;
			buildConfigurations = (
				043B28792D68C88D0003467E /* Debug */,
				043B287A2D68C88D0003467E /* Release */,
			);
			defaultConfigurationIsVisible = 0;
			defaultConfigurationName = Release;
		};
		043B287B2D68C88D0003467E /* Build configuration list for PBXNativeTarget "VoyatekTestUIUITests" */ = {
			isa = XCConfigurationList;
			buildConfigurations = (
				043B287C2D68C88D0003467E /* Debug */,
				043B287D2D68C88D0003467E /* Release */,
			);
			defaultConfigurationIsVisible = 0;
			defaultConfigurationName = Release;
		};
/* End XCConfigurationList section */
	};
	rootObject = 043B28492D68C8880003467E /* Project object */;
}
